
Microsoft Visual Studio Solution File, Format Version 12.00
# Visual Studio Version 17
VisualStudioVersion = 17.0.31903.59
MinimumVisualStudioVersion = 10.0.40219.1
Project("{2150E333-8FDC-42A3-9474-1A3956D46DE8}") = "src", "src", "{827E0CD3-B72D-47B6-A68D-7590B98EB39B}"
EndProject
Project("{FAE04EC0-301F-11D3-BF4B-00C04F79EFBC}") = "Kommand", "src\Kommand\Kommand.csproj", "{DC053C2C-1C86-4C51-A0FA-14A58724ADDD}"
EndProject
Project("{2150E333-8FDC-42A3-9474-1A3956D46DE8}") = "tests", "tests", "{0AB3BF05-4346-4AA6-1389-037BE0695223}"
EndProject
Project("{FAE04EC0-301F-11D3-BF4B-00C04F79EFBC}") = "Kommand.Tests", "tests\Kommand.Tests\Kommand.Tests.csproj", "{AF15E96A-DDDD-4D80-BC88-E4CA44563BC6}"
EndProject
Project("{FAE04EC0-301F-11D3-BF4B-00C04F79EFBC}") = "Kommand.Benchmarks", "tests\Kommand.Benchmarks\Kommand.Benchmarks.csproj", "{244D80B7-B2A7-40D0-855C-D9BB8A54246C}"
EndProject
Global
	GlobalSection(SolutionConfigurationPlatforms) = preSolution
		Debug|Any CPU = Debug|Any CPU
		Debug|x64 = Debug|x64
		Debug|x86 = Debug|x86
		Release|Any CPU = Release|Any CPU
		Release|x64 = Release|x64
		Release|x86 = Release|x86
	EndGlobalSection
	GlobalSection(ProjectConfigurationPlatforms) = postSolution
		{DC053C2C-1C86-4C51-A0FA-14A58724ADDD}.Debug|Any CPU.ActiveCfg = Debug|Any CPU
		{DC053C2C-1C86-4C51-A0FA-14A58724ADDD}.Debug|Any CPU.Build.0 = Debug|Any CPU
		{DC053C2C-1C86-4C51-A0FA-14A58724ADDD}.Debug|x64.ActiveCfg = Debug|Any CPU
		{DC053C2C-1C86-4C51-A0FA-14A58724ADDD}.Debug|x64.Build.0 = Debug|Any CPU
		{DC053C2C-1C86-4C51-A0FA-14A58724ADDD}.Debug|x86.ActiveCfg = Debug|Any CPU
		{DC053C2C-1C86-4C51-A0FA-14A58724ADDD}.Debug|x86.Build.0 = Debug|Any CPU
		{DC053C2C-1C86-4C51-A0FA-14A58724ADDD}.Release|Any CPU.ActiveCfg = Release|Any CPU
		{DC053C2C-1C86-4C51-A0FA-14A58724ADDD}.Release|Any CPU.Build.0 = Release|Any CPU
		{DC053C2C-1C86-4C51-A0FA-14A58724ADDD}.Release|x64.ActiveCfg = Release|Any CPU
		{DC053C2C-1C86-4C51-A0FA-14A58724ADDD}.Release|x64.Build.0 = Release|Any CPU
		{DC053C2C-1C86-4C51-A0FA-14A58724ADDD}.Release|x86.ActiveCfg = Release|Any CPU
		{DC053C2C-1C86-4C51-A0FA-14A58724ADDD}.Release|x86.Build.0 = Release|Any CPU
		{AF15E96A-DDDD-4D80-BC88-E4CA44563BC6}.Debug|Any CPU.ActiveCfg = Debug|Any CPU
		{AF15E96A-DDDD-4D80-BC88-E4CA44563BC6}.Debug|Any CPU.Build.0 = Debug|Any CPU
		{AF15E96A-DDDD-4D80-BC88-E4CA44563BC6}.Debug|x64.ActiveCfg = Debug|Any CPU
		{AF15E96A-DDDD-4D80-BC88-E4CA44563BC6}.Debug|x64.Build.0 = Debug|Any CPU
		{AF15E96A-DDDD-4D80-BC88-E4CA44563BC6}.Debug|x86.ActiveCfg = Debug|Any CPU
		{AF15E96A-DDDD-4D80-BC88-E4CA44563BC6}.Debug|x86.Build.0 = Debug|Any CPU
		{AF15E96A-DDDD-4D80-BC88-E4CA44563BC6}.Release|Any CPU.ActiveCfg = Release|Any CPU
		{AF15E96A-DDDD-4D80-BC88-E4CA44563BC6}.Release|Any CPU.Build.0 = Release|Any CPU
		{AF15E96A-DDDD-4D80-BC88-E4CA44563BC6}.Release|x64.ActiveCfg = Release|Any CPU
		{AF15E96A-DDDD-4D80-BC88-E4CA44563BC6}.Release|x64.Build.0 = Release|Any CPU
		{AF15E96A-DDDD-4D80-BC88-E4CA44563BC6}.Release|x86.ActiveCfg = Release|Any CPU
		{AF15E96A-DDDD-4D80-BC88-E4CA44563BC6}.Release|x86.Build.0 = Release|Any CPU
		{244D80B7-B2A7-40D0-855C-D9BB8A54246C}.Debug|Any CPU.ActiveCfg = Debug|Any CPU
		{244D80B7-B2A7-40D0-855C-D9BB8A54246C}.Debug|Any CPU.Build.0 = Debug|Any CPU
		{244D80B7-B2A7-40D0-855C-D9BB8A54246C}.Debug|x64.ActiveCfg = Debug|Any CPU
		{244D80B7-B2A7-40D0-855C-D9BB8A54246C}.Debug|x64.Build.0 = Debug|Any CPU
		{244D80B7-B2A7-40D0-855C-D9BB8A54246C}.Debug|x86.ActiveCfg = Debug|Any CPU
		{244D80B7-B2A7-40D0-855C-D9BB8A54246C}.Debug|x86.Build.0 = Debug|Any CPU
		{244D80B7-B2A7-40D0-855C-D9BB8A54246C}.Release|Any CPU.ActiveCfg = Release|Any CPU
		{244D80B7-B2A7-40D0-855C-D9BB8A54246C}.Release|Any CPU.Build.0 = Release|Any CPU
		{244D80B7-B2A7-40D0-855C-D9BB8A54246C}.Release|x64.ActiveCfg = Release|Any CPU
		{244D80B7-B2A7-40D0-855C-D9BB8A54246C}.Release|x64.Build.0 = Release|Any CPU
		{244D80B7-B2A7-40D0-855C-D9BB8A54246C}.Release|x86.ActiveCfg = Release|Any CPU
		{244D80B7-B2A7-40D0-855C-D9BB8A54246C}.Release|x86.Build.0 = Release|Any CPU
	EndGlobalSection
	GlobalSection(SolutionProperties) = preSolution
		HideSolutionNode = FALSE
	EndGlobalSection
	GlobalSection(NestedProjects) = preSolution
		{DC053C2C-1C86-4C51-A0FA-14A58724ADDD} = {827E0CD3-B72D-47B6-A68D-7590B98EB39B}
		{AF15E96A-DDDD-4D80-BC88-E4CA44563BC6} = {0AB3BF05-4346-4AA6-1389-037BE0695223}
		{244D80B7-B2A7-40D0-855C-D9BB8A54246C} = {0AB3BF05-4346-4AA6-1389-037BE0695223}
	EndGlobalSection
EndGlobal
